
Microsoft Visual Studio Solution File, Format Version 12.00
# Visual Studio Version 17
VisualStudioVersion = 17.9.34622.214
MinimumVisualStudioVersion = 10.0.40219.1
Project("{FAE04EC0-301F-11D3-BF4B-00C04F79EFBC}") = "Locadora", "Locadora\Locadora.csproj", "{7A792CAE-1E2C-4059-8E95-AA8C9ABBAAFD}"
EndProject
Global
	GlobalSection(SolutionConfigurationPlatforms) = preSolution
		Debug|Any CPU = Debug|Any CPU
		Release|Any CPU = Release|Any CPU
	EndGlobalSection
	GlobalSection(ProjectConfigurationPlatforms) = postSolution
		{7A792CAE-1E2C-4059-8E95-AA8C9ABBAAFD}.Debug|Any CPU.ActiveCfg = Debug|Any CPU
		{7A792CAE-1E2C-4059-8E95-AA8C9ABBAAFD}.Debug|Any CPU.Build.0 = Debug|Any CPU
		{7A792CAE-1E2C-4059-8E95-AA8C9ABBAAFD}.Release|Any CPU.ActiveCfg = Release|Any CPU
		{7A792CAE-1E2C-4059-8E95-AA8C9ABBAAFD}.Release|Any CPU.Build.0 = Release|Any CPU
	EndGlobalSection
	GlobalSection(SolutionProperties) = preSolution
		HideSolutionNode = FALSE
	EndGlobalSection
	GlobalSection(ExtensibilityGlobals) = postSolution
		SolutionGuid = {80B3214B-F4DD-4D5C-BD9A-7B975B9F654A}
	EndGlobalSection
EndGlobal
